
Microsoft Visual Studio Solution File, Format Version 12.00
# Visual Studio Version 17
VisualStudioVersion = 17.3.32901.215
MinimumVisualStudioVersion = 10.0.40219.1
Project("{FAE04EC0-301F-11D3-BF4B-00C04F79EFBC}") = "Binary Search", "Binary Search.csproj", "{E1C77B12-4EEC-4E82-9CAA-18B25374097B}"
EndProject
Global
	GlobalSection(SolutionConfigurationPlatforms) = preSolution
		Debug|Any CPU = Debug|Any CPU
		Release|Any CPU = Release|Any CPU
	EndGlobalSection
	GlobalSection(ProjectConfigurationPlatforms) = postSolution
		{E1C77B12-4EEC-4E82-9CAA-18B25374097B}.Debug|Any CPU.ActiveCfg = Debug|Any CPU
		{E1C77B12-4EEC-4E82-9CAA-18B25374097B}.Debug|Any CPU.Build.0 = Debug|Any CPU
		{E1C77B12-4EEC-4E82-9CAA-18B25374097B}.Release|Any CPU.ActiveCfg = Release|Any CPU
		{E1C77B12-4EEC-4E82-9CAA-18B25374097B}.Release|Any CPU.Build.0 = Release|Any CPU
	EndGlobalSection
	GlobalSection(SolutionProperties) = preSolution
		HideSolutionNode = FALSE
	EndGlobalSection
	GlobalSection(ExtensibilityGlobals) = postSolution
		SolutionGuid = {BACB7D6C-B815-4E2E-9DFF-08BA8F1ECB60}
	EndGlobalSection
EndGlobal
